<?xml version="1.0" encoding="utf-8"?>
<Project ToolsVersion="4.0" xmlns="http://schemas.microsoft.com/developer/msbuild/2003">
  <ItemGroup>
    <Filter Include="Shader Files">
      <UniqueIdentifier>{991cfa01-39f5-4519-b832-5b0fcb3c3809}</UniqueIdentifier>
    </Filter>
    <Filter Include="Source">
      <UniqueIdentifier>{357c819a-5559-4848-a6c2-3645138bb661}</UniqueIdentifier>
    </Filter>
    <Filter Include="Source\Shader">
      <UniqueIdentifier>{3ec8867e-1f8f-4fa9-bcb6-8f02091392dc}</UniqueIdentifier>
    </Filter>
    <Filter Include="Source\Model">
      <UniqueIdentifier>{0174253d-9d91-4eea-b6da-ed264e8f1d3e}</UniqueIdentifier>
    </Filter>
    <Filter Include="Source\Renderer">
      <UniqueIdentifier>{46053a79-8193-434d-ba3c-eb711a1ace19}</UniqueIdentifier>
    </Filter>
    <Filter Include="Source\Light">
      <UniqueIdentifier>{ba55c02d-044c-4e66-824d-d6fc2855e6c6}</UniqueIdentifier>
    </Filter>
  </ItemGroup>
  <ItemGroup>
    <ClCompile Include="src\Camera.cpp">
      <Filter>Source</Filter>
    </ClCompile>
    <ClCompile Include="src\Error.cpp">
      <Filter>Source</Filter>
    </ClCompile>
    <ClCompile Include="src\Game.cpp">
      <Filter>Source</Filter>
    </ClCompile>
    <ClCompile Include="src\Input.cpp">
      <Filter>Source</Filter>
    </ClCompile>
    <ClCompile Include="src\Main.cpp">
      <Filter>Source</Filter>
    </ClCompile>
    <ClCompile Include="src\Transform.cpp">
      <Filter>Source</Filter>
    </ClCompile>
    <ClCompile Include="src\Window.cpp">
      <Filter>Source</Filter>
    </ClCompile>
    <ClCompile Include="src\Model\AnimatedModel.cpp">
      <Filter>Source\Model</Filter>
    </ClCompile>
    <ClCompile Include="src\Model\Bone.cpp">
      <Filter>Source\Model</Filter>
    </ClCompile>
    <ClCompile Include="src\Model\Model.cpp">
      <Filter>Source\Model</Filter>
    </ClCompile>
    <ClCompile Include="src\Model\Vertex.cpp">
      <Filter>Source\Model</Filter>
    </ClCompile>
    <ClCompile Include="src\Model\Animation.cpp">
      <Filter>Source\Model</Filter>
    </ClCompile>
    <ClCompile Include="src\Shader\Shader.cpp">
      <Filter>Source\Shader</Filter>
    </ClCompile>
    <ClCompile Include="src\Shader\ShaderProgram.cpp">
      <Filter>Source\Shader</Filter>
    </ClCompile>
    <ClCompile Include="src\Renderer\SceneRenderer.cpp">
      <Filter>Source\Renderer</Filter>
    </ClCompile>
    <ClCompile Include="src\Model\ModelManager.cpp">
      <Filter>Source\Model</Filter>
    </ClCompile>
    <ClCompile Include="src\Model\MathHelper.cpp">
      <Filter>Source\Model</Filter>
    </ClCompile>
    <ClCompile Include="src\Renderer\GBuffer.cpp">
      <Filter>Source\Renderer</Filter>
    </ClCompile>
    <ClCompile Include="src\Light\DirectionalLight.cpp">
      <Filter>Source\Light</Filter>
    </ClCompile>
    <ClCompile Include="src\Light\LightManager.cpp">
      <Filter>Source\Light</Filter>
    </ClCompile>
  </ItemGroup>
  <ItemGroup>
    <ClInclude Include="src\Camera.hpp">
      <Filter>Source</Filter>
    </ClInclude>
    <ClInclude Include="src\Error.hpp">
      <Filter>Source</Filter>
    </ClInclude>
    <ClInclude Include="src\Game.hpp">
      <Filter>Source</Filter>
    </ClInclude>
    <ClInclude Include="src\Input.hpp">
      <Filter>Source</Filter>
    </ClInclude>
    <ClInclude Include="src\Transform.hpp">
      <Filter>Source</Filter>
    </ClInclude>
    <ClInclude Include="src\Window.hpp">
      <Filter>Source</Filter>
    </ClInclude>
    <ClInclude Include="src\Model\AnimatedModel.hpp">
      <Filter>Source\Model</Filter>
    </ClInclude>
    <ClInclude Include="src\Model\Bone.hpp">
      <Filter>Source\Model</Filter>
    </ClInclude>
    <ClInclude Include="src\Model\MathHelper.hpp">
      <Filter>Source\Model</Filter>
    </ClInclude>
    <ClInclude Include="src\Model\Model.hpp">
      <Filter>Source\Model</Filter>
    </ClInclude>
    <ClInclude Include="src\Model\Vertex.hpp">
      <Filter>Source\Model</Filter>
    </ClInclude>
    <ClInclude Include="src\Model\Animation.hpp">
      <Filter>Source\Model</Filter>
    </ClInclude>
    <ClInclude Include="src\Shader\Shader.hpp">
      <Filter>Source\Shader</Filter>
    </ClInclude>
    <ClInclude Include="src\Shader\ShaderProgram.hpp">
      <Filter>Source\Shader</Filter>
    </ClInclude>
    <ClInclude Include="src\Renderer\SceneRenderer.hpp">
      <Filter>Source\Renderer</Filter>
    </ClInclude>
    <ClInclude Include="src\Model\ModelManager.hpp">
      <Filter>Source\Model</Filter>
    </ClInclude>
    <ClInclude Include="src\Renderer\GBuffer.hpp">
      <Filter>Source\Renderer</Filter>
    </ClInclude>
    <ClInclude Include="src\Light\DirectionalLight.hpp">
      <Filter>Source\Light</Filter>
    </ClInclude>
    <ClInclude Include="src\Light\LightManager.hpp">
      <Filter>Source\Light</Filter>
    </ClInclude>
  </ItemGroup>
  <ItemGroup>
    <None Include="bin\Shaders\Geometry.vs.glsl">
      <Filter>Shader Files</Filter>
    </None>
    <None Include="bin\Shaders\SkinnedGeometry.vs.glsl">
      <Filter>Shader Files</Filter>
    </None>
    <None Include="bin\Shaders\Geometry.fs.glsl">
      <Filter>Shader Files</Filter>
    </None>
    <None Include="bin\Shaders\DirectionalLight.fs.glsl">
      <Filter>Shader Files</Filter>
    </None>
    <None Include="bin\Shaders\DirectionalLight.vs.glsl">
      <Filter>Shader Files</Filter>
    </None>
    <None Include="bin\Shaders\AmbientOcclusion.fs.glsl">
      <Filter>Shader Files</Filter>
    </None>
    <None Include="bin\Shaders\AmbientOcclusion.vs.glsl">
      <Filter>Shader Files</Filter>
    </None>
  </ItemGroup>
</Project>